
Microsoft Visual Studio Solution File, Format Version 12.00
# Visual Studio Version 16
VisualStudioVersion = 16.0.30804.86
MinimumVisualStudioVersion = 10.0.40219.1
Project("{FAE04EC0-301F-11D3-BF4B-00C04F79EFBC}") = "H1School_CarWashSystem1", "H1School_CarWAshSystem\H1School_CarWashSystem1.csproj", "{C94ECFBF-0860-4447-96D2-F597B4508395}"
EndProject
Global
	GlobalSection(SolutionConfigurationPlatforms) = preSolution
		Debug|Any CPU = Debug|Any CPU
		Release|Any CPU = Release|Any CPU
	EndGlobalSection
	GlobalSection(ProjectConfigurationPlatforms) = postSolution
		{C94ECFBF-0860-4447-96D2-F597B4508395}.Debug|Any CPU.ActiveCfg = Debug|Any CPU
		{C94ECFBF-0860-4447-96D2-F597B4508395}.Debug|Any CPU.Build.0 = Debug|Any CPU
		{C94ECFBF-0860-4447-96D2-F597B4508395}.Release|Any CPU.ActiveCfg = Release|Any CPU
		{C94ECFBF-0860-4447-96D2-F597B4508395}.Release|Any CPU.Build.0 = Release|Any CPU
	EndGlobalSection
	GlobalSection(SolutionProperties) = preSolution
		HideSolutionNode = FALSE
	EndGlobalSection
	GlobalSection(ExtensibilityGlobals) = postSolution
		SolutionGuid = {BF93F851-3955-41AD-BD06-FEC18545C015}
	EndGlobalSection
EndGlobal
